
Microsoft Visual Studio Solution File, Format Version 12.00
# Visual Studio Version 16
VisualStudioVersion = 16.0.31005.135
MinimumVisualStudioVersion = 10.0.40219.1
Project("{FAE04EC0-301F-11D3-BF4B-00C04F79EFBC}") = "Project-DeRidderJonas-HypixelApi", "Project-DeRidderJonas-HypixelApi.csproj", "{8AF9D264-61F5-4AC3-B7E9-0B0BCBEED797}"
EndProject
Global
	GlobalSection(SolutionConfigurationPlatforms) = preSolution
		Debug|Any CPU = Debug|Any CPU
		Release|Any CPU = Release|Any CPU
	EndGlobalSection
	GlobalSection(ProjectConfigurationPlatforms) = postSolution
		{8AF9D264-61F5-4AC3-B7E9-0B0BCBEED797}.Debug|Any CPU.ActiveCfg = Debug|Any CPU
		{8AF9D264-61F5-4AC3-B7E9-0B0BCBEED797}.Debug|Any CPU.Build.0 = Debug|Any CPU
		{8AF9D264-61F5-4AC3-B7E9-0B0BCBEED797}.Release|Any CPU.ActiveCfg = Release|Any CPU
		{8AF9D264-61F5-4AC3-B7E9-0B0BCBEED797}.Release|Any CPU.Build.0 = Release|Any CPU
	EndGlobalSection
	GlobalSection(SolutionProperties) = preSolution
		HideSolutionNode = FALSE
	EndGlobalSection
	GlobalSection(ExtensibilityGlobals) = postSolution
		SolutionGuid = {603B879E-D57F-47A6-8496-6C1CBC2A69DE}
	EndGlobalSection
EndGlobal
